Microsoft Visual Studio Solution File, Format Version 12.00
# Visual Studio Version 17
VisualStudioVersion = 17.5.2.0
MinimumVisualStudioVersion = 10.0.40219.1
Project("{FAE04EC0-301F-11D3-BF4B-00C04F79EFBC}") = "SnowTrolleyProduction", "SnowTrolleyProduction.csproj", "{CA6DF3CB-3D01-BAE0-71B0-808F40D144EF}"
EndProject
Global
	GlobalSection(SolutionConfigurationPlatforms) = preSolution
		Debug|Any CPU = Debug|Any CPU
		Release|Any CPU = Release|Any CPU
	EndGlobalSection
	GlobalSection(ProjectConfigurationPlatforms) = postSolution
		{CA6DF3CB-3D01-BAE0-71B0-808F40D144EF}.Debug|Any CPU.ActiveCfg = Debug|Any CPU
		{CA6DF3CB-3D01-BAE0-71B0-808F40D144EF}.Debug|Any CPU.Build.0 = Debug|Any CPU
		{CA6DF3CB-3D01-BAE0-71B0-808F40D144EF}.Release|Any CPU.ActiveCfg = Release|Any CPU
		{CA6DF3CB-3D01-BAE0-71B0-808F40D144EF}.Release|Any CPU.Build.0 = Release|Any CPU
	EndGlobalSection
	GlobalSection(SolutionProperties) = preSolution
		HideSolutionNode = FALSE
	EndGlobalSection
	GlobalSection(ExtensibilityGlobals) = postSolution
		SolutionGuid = {268D75BA-24A0-4367-8878-A5BDBC58A6EA}
	EndGlobalSection
EndGlobal
